
Microsoft Visual Studio Solution File, Format Version 12.00
# Visual Studio Version 17
VisualStudioVersion = 17.9.34728.123
MinimumVisualStudioVersion = 10.0.40219.1
Project("{FAE04EC0-301F-11D3-BF4B-00C04F79EFBC}") = "specek-test-task", "specek-test-task.csproj", "{A60DE455-3DEF-489C-8DE0-70497D1CE305}"
EndProject
Global
	GlobalSection(SolutionConfigurationPlatforms) = preSolution
		Debug|Any CPU = Debug|Any CPU
		Release|Any CPU = Release|Any CPU
	EndGlobalSection
	GlobalSection(ProjectConfigurationPlatforms) = postSolution
		{A60DE455-3DEF-489C-8DE0-70497D1CE305}.Debug|Any CPU.ActiveCfg = Debug|Any CPU
		{A60DE455-3DEF-489C-8DE0-70497D1CE305}.Debug|Any CPU.Build.0 = Debug|Any CPU
		{A60DE455-3DEF-489C-8DE0-70497D1CE305}.Release|Any CPU.ActiveCfg = Release|Any CPU
		{A60DE455-3DEF-489C-8DE0-70497D1CE305}.Release|Any CPU.Build.0 = Release|Any CPU
	EndGlobalSection
	GlobalSection(SolutionProperties) = preSolution
		HideSolutionNode = FALSE
	EndGlobalSection
	GlobalSection(ExtensibilityGlobals) = postSolution
		SolutionGuid = {48105E00-6B27-483D-AD05-A1D16216055A}
	EndGlobalSection
EndGlobal
